// !$*UTF8*$!
{
	archiveVersion = 1;
	classes = {
	};
	objectVersion = 46;
	objects = {

/* Begin PBXBuildFile section */
		3F4E6F4E1713AABA009CE570 /* spacecraft.png in Resources */ = {isa = PBXBuildFile; fileRef = 3F4E6F4C1713AABA009CE570 /* spacecraft.png */; };
		3F4E6F4F1713AABA009CE570 /* spacecraft@2x.png in Resources */ = {isa = PBXBuildFile; fileRef = 3F4E6F4D1713AABA009CE570 /* spacecraft@2x.png */; };
		3F4E6F531713B841009CE570 /* MassivePageViewController.m in Sources */ = {isa = PBXBuildFile; fileRef = 3F4E6F511713B841009CE570 /* MassivePageViewController.m */; };
		3F4E6F541713B841009CE570 /* MassivePageViewController.xib in Resources */ = {isa = PBXBuildFile; fileRef = 3F4E6F521713B841009CE570 /* MassivePageViewController.xib */; };
		3F4E6F571713C58F009CE570 /* distance_massive.png in Resources */ = {isa = PBXBuildFile; fileRef = 3F4E6F551713C58F009CE570 /* distance_massive.png */; };
		3F4E6F581713C58F009CE570 /* distance_massive@2x.png in Resources */ = {isa = PBXBuildFile; fileRef = 3F4E6F561713C58F009CE570 /* distance_massive@2x.png */; };
		3F79D833170EA73300118D99 /* Icon.png in Resources */ = {isa = PBXBuildFile; fileRef = 3F79D832170EA73300118D99 /* Icon.png */; };
		3F79D835170EA73B00118D99 /* Icon@2x.png in Resources */ = {isa = PBXBuildFile; fileRef = 3F79D834170EA73A00118D99 /* Icon@2x.png */; };
		3F79D83C170EB14900118D99 /* Default-Landscape.png in Resources */ = {isa = PBXBuildFile; fileRef = 3F79D83A170EB14900118D99 /* Default-Landscape.png */; };
		3F79D83F170EB2D900118D99 /* Default-Landscape@2x.png in Resources */ = {isa = PBXBuildFile; fileRef = 3F79D83E170EB2D900118D99 /* Default-Landscape@2x.png */; };
		3F79D842170EB4BD00118D99 /* Default-Portrait.png in Resources */ = {isa = PBXBuildFile; fileRef = 3F79D840170EB4BD00118D99 /* Default-Portrait.png */; };
		3F79D843170EB4BD00118D99 /* Default-Portrait@2x.png in Resources */ = {isa = PBXBuildFile; fileRef = 3F79D841170EB4BD00118D99 /* Default-Portrait@2x.png */; };
		3F8462B5170F73BD00CD6BF2 /* HeroPageViewController.m in Sources */ = {isa = PBXBuildFile; fileRef = 3F8462B3170F73BD00CD6BF2 /* HeroPageViewController.m */; };
		3F8462B6170F73BD00CD6BF2 /* HeroPageViewController.xib in Resources */ = {isa = PBXBuildFile; fileRef = 3F8462B4170F73BD00CD6BF2 /* HeroPageViewController.xib */; };
		3F8462B9170F7D8A00CD6BF2 /* StoryViewController.m in Sources */ = {isa = PBXBuildFile; fileRef = 3F8462B8170F7D8A00CD6BF2 /* StoryViewController.m */; };
		3F8462BC170F9B3400CD6BF2 /* PageModel.m in Sources */ = {isa = PBXBuildFile; fileRef = 3F8462BB170F9B3400CD6BF2 /* PageModel.m */; };
		3F8462C2170FA5FE00CD6BF2 /* StoryParser.m in Sources */ = {isa = PBXBuildFile; fileRef = 3F8462C1170FA5FE00CD6BF2 /* StoryParser.m */; };
		3F8462C4170FB88200CD6BF2 /* storyContents.xml in Resources */ = {isa = PBXBuildFile; fileRef = 3F8462C3170FB88200CD6BF2 /* storyContents.xml */; };
		3F8D990517127E63008B4D6F /* liftoff.png in Resources */ = {isa = PBXBuildFile; fileRef = 3F8D990317127E63008B4D6F /* liftoff.png */; };
		3F8D990617127E63008B4D6F /* liftoff@2x.png in Resources */ = {isa = PBXBuildFile; fileRef = 3F8D990417127E63008B4D6F /* liftoff@2x.png */; };
		3F8D9909171359B0008B4D6F /* foggy_birds.png in Resources */ = {isa = PBXBuildFile; fileRef = 3F8D9907171359B0008B4D6F /* foggy_birds.png */; };
		3F8D990A171359B0008B4D6F /* foggy_birds@2X.png in Resources */ = {isa = PBXBuildFile; fileRef = 3F8D9908171359B0008B4D6F /* foggy_birds@2X.png */; };
		3FA567771711CE4A004A75D3 /* page1_hero.png in Resources */ = {isa = PBXBuildFile; fileRef = 3FA567751711CE4A004A75D3 /* page1_hero.png */; };
		3FA567781711CE4A004A75D3 /* page1_hero@2x.png in Resources */ = {isa = PBXBuildFile; fileRef = 3FA567761711CE4A004A75D3 /* page1_hero@2x.png */; };
		3FA5677C1711D1A5004A75D3 /* retina_wood.png in Resources */ = {isa = PBXBuildFile; fileRef = 3FA5677A1711D1A5004A75D3 /* retina_wood.png */; };
		3FA5677E1711E7E0004A75D3 /* retina_wood@2X.png in Resources */ = {isa = PBXBuildFile; fileRef = 3FA5677D1711E7E0004A75D3 /* retina_wood@2X.png */; };
		3FA567811711E88F004A75D3 /* starring.png in Resources */ = {isa = PBXBuildFile; fileRef = 3FA5677F1711E88F004A75D3 /* starring.png */; };
		3FA567821711E88F004A75D3 /* starring@2X.png in Resources */ = {isa = PBXBuildFile; fileRef = 3FA567801711E88F004A75D3 /* starring@2X.png */; };
		3FA567911711EC77004A75D3 /* CoverPageViewController.m in Sources */ = {isa = PBXBuildFile; fileRef = 3FA5678F1711EC77004A75D3 /* CoverPageViewController.m */; };
		3FA567921711EC77004A75D3 /* CoverPageViewController.xib in Resources */ = {isa = PBXBuildFile; fileRef = 3FA567901711EC77004A75D3 /* CoverPageViewController.xib */; };
		3FA567951711F00F004A75D3 /* PageViewController.m in Sources */ = {isa = PBXBuildFile; fileRef = 3FA567941711F00F004A75D3 /* PageViewController.m */; };
		3FA70C65170E8B010065F561 /* UIKit.framework in Frameworks */ = {isa = PBXBuildFile; fileRef = 3FA70C64170E8B010065F561 /* UIKit.framework */; };
		3FA70C67170E8B010065F561 /* Foundation.framework in Frameworks */ = {isa = PBXBuildFile; fileRef = 3FA70C66170E8B010065F561 /* Foundation.framework */; };
		3FA70C69170E8B010065F561 /* CoreGraphics.framework in Frameworks */ = {isa = PBXBuildFile; fileRef = 3FA70C68170E8B010065F561 /* CoreGraphics.framework */; };
		3FA70C6F170E8B010065F561 /* InfoPlist.strings in Resources */ = {isa = PBXBuildFile; fileRef = 3FA70C6D170E8B010065F561 /* InfoPlist.strings */; };
		3FA70C71170E8B010065F561 /* main.m in Sources */ = {isa = PBXBuildFile; fileRef = 3FA70C70170E8B010065F561 /* main.m */; };
		3FA70C75170E8B010065F561 /* AppDelegate.m in Sources */ = {isa = PBXBuildFile; fileRef = 3FA70C74170E8B010065F561 /* AppDelegate.m */; };
		3FA70C87170E8B010065F561 /* MainStoryboard.storyboard in Resources */ = {isa = PBXBuildFile; fileRef = 3FA70C85170E8B010065F561 /* MainStoryboard.storyboard */; };
		3FC9465B17153557002060FE /* animatedTravel.png in Resources */ = {isa = PBXBuildFile; fileRef = 3FC9465917153557002060FE /* animatedTravel.png */; };
		3FC9465C17153557002060FE /* animatedTravel@2x.png in Resources */ = {isa = PBXBuildFile; fileRef = 3FC9465A17153557002060FE /* animatedTravel@2x.png */; };
		3FEF3A2317121A7500FC810D /* astronauts_hero.png in Resources */ = {isa = PBXBuildFile; fileRef = 3FEF3A2117121A7500FC810D /* astronauts_hero.png */; };
		3FEF3A2417121A7500FC810D /* astronauts_hero@2x.png in Resources */ = {isa = PBXBuildFile; fileRef = 3FEF3A2217121A7500FC810D /* astronauts_hero@2x.png */; };
		3FEF3A2817122D7600FC810D /* TallPageViewController.m in Sources */ = {isa = PBXBuildFile; fileRef = 3FEF3A2617122D7600FC810D /* TallPageViewController.m */; };
		3FEF3A2917122D7600FC810D /* TallPageViewController.xib in Resources */ = {isa = PBXBuildFile; fileRef = 3FEF3A2717122D7600FC810D /* TallPageViewController.xib */; };
		3FF983BF171CEEB500833FDC /* firstSteps.png in Resources */ = {isa = PBXBuildFile; fileRef = 3FF983BD171CEEB500833FDC /* firstSteps.png */; };
		3FF983C0171CEEB500833FDC /* firstSteps@2x.png in Resources */ = {isa = PBXBuildFile; fileRef = 3FF983BE171CEEB500833FDC /* firstSteps@2x.png */; };
		3FF983C2171CF58600833FDC /* reentry.png in Resources */ = {isa = PBXBuildFile; fileRef = 3FF983C1171CF58600833FDC /* reentry.png */; };
		3FF983C4171CF59800833FDC /* reentry@2x.png in Resources */ = {isa = PBXBuildFile; fileRef = 3FF983C3171CF59800833FDC /* reentry@2x.png */; };
		3FF983C7171CF9C300833FDC /* earthWithNixon.png in Resources */ = {isa = PBXBuildFile; fileRef = 3FF983C5171CF9C300833FDC /* earthWithNixon.png */; };
		3FF983C8171CF9C300833FDC /* earthWithNixon@2x.png in Resources */ = {isa = PBXBuildFile; fileRef = 3FF983C6171CF9C300833FDC /* earthWithNixon@2x.png */; };
/* End PBXBuildFile section */

/* Begin PBXFileReference section */
		3F4E6F4C1713AABA009CE570 /* spacecraft.png */ = {isa = PBXFileReference; lastKnownFileType = image.png; path = spacecraft.png; sourceTree = "<group>"; };
		3F4E6F4D1713AABA009CE570 /* spacecraft@2x.png */ = {isa = PBXFileReference; lastKnownFileType = image.png; path = "spacecraft@2x.png"; sourceTree = "<group>"; };
		3F4E6F501713B841009CE570 /* MassivePageViewController.h */ = {isa = PBXFileReference; fileEncoding = 4; lastKnownFileType = sourcecode.c.h; path = MassivePageViewController.h; sourceTree = "<group>"; };
		3F4E6F511713B841009CE570 /* MassivePageViewController.m */ = {isa = PBXFileReference; fileEncoding = 4; lastKnownFileType = sourcecode.c.objc; path = MassivePageViewController.m; sourceTree = "<group>"; };
		3F4E6F521713B841009CE570 /* MassivePageViewController.xib */ = {isa = PBXFileReference; fileEncoding = 4; lastKnownFileType = file.xib; path = MassivePageViewController.xib; sourceTree = "<group>"; };
		3F4E6F551713C58F009CE570 /* distance_massive.png */ = {isa = PBXFileReference; lastKnownFileType = image.png; path = distance_massive.png; sourceTree = "<group>"; };
		3F4E6F561713C58F009CE570 /* distance_massive@2x.png */ = {isa = PBXFileReference; lastKnownFileType = image.png; path = "distance_massive@2x.png"; sourceTree = "<group>"; };
		3F79D832170EA73300118D99 /* Icon.png */ = {isa = PBXFileReference; lastKnownFileType = image.png; path = Icon.png; sourceTree = "<group>"; };
		3F79D834170EA73A00118D99 /* Icon@2x.png */ = {isa = PBXFileReference; lastKnownFileType = image.png; path = "Icon@2x.png"; sourceTree = "<group>"; };
		3F79D83A170EB14900118D99 /* Default-Landscape.png */ = {isa = PBXFileReference; lastKnownFileType = image.png; path = "Default-Landscape.png"; sourceTree = "<group>"; };
		3F79D83E170EB2D900118D99 /* Default-Landscape@2x.png */ = {isa = PBXFileReference; lastKnownFileType = image.png; path = "Default-Landscape@2x.png"; sourceTree = "<group>"; };
		3F79D840170EB4BD00118D99 /* Default-Portrait.png */ = {isa = PBXFileReference; lastKnownFileType = image.png; path = "Default-Portrait.png"; sourceTree = "<group>"; };
		3F79D841170EB4BD00118D99 /* Default-Portrait@2x.png */ = {isa = PBXFileReference; lastKnownFileType = image.png; path = "Default-Portrait@2x.png"; sourceTree = "<group>"; };
		3F8462B2170F73BD00CD6BF2 /* HeroPageViewController.h */ = {isa = PBXFileReference; fileEncoding = 4; lastKnownFileType = sourcecode.c.h; path = HeroPageViewController.h; sourceTree = "<group>"; };
		3F8462B3170F73BD00CD6BF2 /* HeroPageViewController.m */ = {isa = PBXFileReference; fileEncoding = 4; lastKnownFileType = sourcecode.c.objc; path = HeroPageViewController.m; sourceTree = "<group>"; };
		3F8462B4170F73BD00CD6BF2 /* HeroPageViewController.xib */ = {isa = PBXFileReference; fileEncoding = 4; lastKnownFileType = file.xib; path = HeroPageViewController.xib; sourceTree = "<group>"; };
		3F8462B7170F7D8A00CD6BF2 /* StoryViewController.h */ = {isa = PBXFileReference; fileEncoding = 4; lastKnownFileType = sourcecode.c.h; path = StoryViewController.h; sourceTree = "<group>"; };
		3F8462B8170F7D8A00CD6BF2 /* StoryViewController.m */ = {isa = PBXFileReference; fileEncoding = 4; lastKnownFileType = sourcecode.c.objc; path = StoryViewController.m; sourceTree = "<group>"; };
		3F8462BA170F9B3400CD6BF2 /* PageModel.h */ = {isa = PBXFileReference; fileEncoding = 4; lastKnownFileType = sourcecode.c.h; path = PageModel.h; sourceTree = "<group>"; };
		3F8462BB170F9B3400CD6BF2 /* PageModel.m */ = {isa = PBXFileReference; fileEncoding = 4; lastKnownFileType = sourcecode.c.objc; path = PageModel.m; sourceTree = "<group>"; };
		3F8462C0170FA5FE00CD6BF2 /* StoryParser.h */ = {isa = PBXFileReference; fileEncoding = 4; lastKnownFileType = sourcecode.c.h; path = StoryParser.h; sourceTree = "<group>"; };
		3F8462C1170FA5FE00CD6BF2 /* StoryParser.m */ = {isa = PBXFileReference; fileEncoding = 4; lastKnownFileType = sourcecode.c.objc; path = StoryParser.m; sourceTree = "<group>"; };
		3F8462C3170FB88200CD6BF2 /* storyContents.xml */ = {isa = PBXFileReference; lastKnownFileType = text.xml; name = storyContents.xml; path = ToTheMoon/storyContents.xml; sourceTree = "<group>"; };
		3F8D990317127E63008B4D6F /* liftoff.png */ = {isa = PBXFileReference; lastKnownFileType = image.png; path = liftoff.png; sourceTree = "<group>"; };
		3F8D990417127E63008B4D6F /* liftoff@2x.png */ = {isa = PBXFileReference; lastKnownFileType = image.png; path = "liftoff@2x.png"; sourceTree = "<group>"; };
		3F8D9907171359B0008B4D6F /* foggy_birds.png */ = {isa = PBXFileReference; lastKnownFileType = image.png; path = foggy_birds.png; sourceTree = "<group>"; };
		3F8D9908171359B0008B4D6F /* foggy_birds@2X.png */ = {isa = PBXFileReference; lastKnownFileType = image.png; path = "foggy_birds@2X.png"; sourceTree = "<group>"; };
		3FA567751711CE4A004A75D3 /* page1_hero.png */ = {isa = PBXFileReference; lastKnownFileType = image.png; path = page1_hero.png; sourceTree = "<group>"; };
		3FA567761711CE4A004A75D3 /* page1_hero@2x.png */ = {isa = PBXFileReference; lastKnownFileType = image.png; path = "page1_hero@2x.png"; sourceTree = "<group>"; };
		3FA5677A1711D1A5004A75D3 /* retina_wood.png */ = {isa = PBXFileReference; lastKnownFileType = image.png; path = retina_wood.png; sourceTree = "<group>"; };
		3FA5677D1711E7E0004A75D3 /* retina_wood@2X.png */ = {isa = PBXFileReference; lastKnownFileType = image.png; path = "retina_wood@2X.png"; sourceTree = "<group>"; };
		3FA5677F1711E88F004A75D3 /* starring.png */ = {isa = PBXFileReference; lastKnownFileType = image.png; path = starring.png; sourceTree = "<group>"; };
		3FA567801711E88F004A75D3 /* starring@2X.png */ = {isa = PBXFileReference; lastKnownFileType = image.png; path = "starring@2X.png"; sourceTree = "<group>"; };
		3FA5678E1711EC76004A75D3 /* CoverPageViewController.h */ = {isa = PBXFileReference; fileEncoding = 4; lastKnownFileType = sourcecode.c.h; path = CoverPageViewController.h; sourceTree = "<group>"; };
		3FA5678F1711EC77004A75D3 /* CoverPageViewController.m */ = {isa = PBXFileReference; fileEncoding = 4; lastKnownFileType = sourcecode.c.objc; path = CoverPageViewController.m; sourceTree = "<group>"; };
		3FA567901711EC77004A75D3 /* CoverPageViewController.xib */ = {isa = PBXFileReference; fileEncoding = 4; lastKnownFileType = file.xib; path = CoverPageViewController.xib; sourceTree = "<group>"; };
		3FA567931711F00F004A75D3 /* PageViewController.h */ = {isa = PBXFileReference; fileEncoding = 4; lastKnownFileType = sourcecode.c.h; path = PageViewController.h; sourceTree = "<group>"; };
		3FA567941711F00F004A75D3 /* PageViewController.m */ = {isa = PBXFileReference; fileEncoding = 4; lastKnownFileType = sourcecode.c.objc; path = PageViewController.m; sourceTree = "<group>"; };
		3FA70C61170E8B010065F561 /* ToTheMoon.app */ = {isa = PBXFileReference; explicitFileType = wrapper.application; includeInIndex = 0; path = ToTheMoon.app; sourceTree = BUILT_PRODUCTS_DIR; };
		3FA70C64170E8B010065F561 /* UIKit.framework */ = {isa = PBXFileReference; lastKnownFileType = wrapper.framework; name = UIKit.framework; path = System/Library/Frameworks/UIKit.framework; sourceTree = SDKROOT; };
		3FA70C66170E8B010065F561 /* Foundation.framework */ = {isa = PBXFileReference; lastKnownFileType = wrapper.framework; name = Foundation.framework; path = System/Library/Frameworks/Foundation.framework; sourceTree = SDKROOT; };
		3FA70C68170E8B010065F561 /* CoreGraphics.framework */ = {isa = PBXFileReference; lastKnownFileType = wrapper.framework; name = CoreGraphics.framework; path = System/Library/Frameworks/CoreGraphics.framework; sourceTree = SDKROOT; };
		3FA70C6C170E8B010065F561 /* ToTheMoon-Info.plist */ = {isa = PBXFileReference; lastKnownFileType = text.plist.xml; path = "ToTheMoon-Info.plist"; sourceTree = "<group>"; };
		3FA70C6E170E8B010065F561 /* en */ = {isa = PBXFileReference; lastKnownFileType = text.plist.strings; name = en; path = en.lproj/InfoPlist.strings; sourceTree = "<group>"; };
		3FA70C70170E8B010065F561 /* main.m */ = {isa = PBXFileReference; lastKnownFileType = sourcecode.c.objc; path = main.m; sourceTree = "<group>"; };
		3FA70C72170E8B010065F561 /* ToTheMoon-Prefix.pch */ = {isa = PBXFileReference; lastKnownFileType = sourcecode.c.h; path = "ToTheMoon-Prefix.pch"; sourceTree = "<group>"; };
		3FA70C73170E8B010065F561 /* AppDelegate.h */ = {isa = PBXFileReference; lastKnownFileType = sourcecode.c.h; path = AppDelegate.h; sourceTree = "<group>"; };
		3FA70C74170E8B010065F561 /* AppDelegate.m */ = {isa = PBXFileReference; lastKnownFileType = sourcecode.c.objc; path = AppDelegate.m; sourceTree = "<group>"; };
		3FA70C86170E8B010065F561 /* en */ = {isa = PBXFileReference; lastKnownFileType = file.storyboard; name = en; path = en.lproj/MainStoryboard.storyboard; sourceTree = "<group>"; };
		3FC9465917153557002060FE /* animatedTravel.png */ = {isa = PBXFileReference; lastKnownFileType = image.png; path = animatedTravel.png; sourceTree = "<group>"; };
		3FC9465A17153557002060FE /* animatedTravel@2x.png */ = {isa = PBXFileReference; lastKnownFileType = image.png; path = "animatedTravel@2x.png"; sourceTree = "<group>"; };
		3FEF3A2117121A7500FC810D /* astronauts_hero.png */ = {isa = PBXFileReference; lastKnownFileType = image.png; path = astronauts_hero.png; sourceTree = "<group>"; };
		3FEF3A2217121A7500FC810D /* astronauts_hero@2x.png */ = {isa = PBXFileReference; lastKnownFileType = image.png; path = "astronauts_hero@2x.png"; sourceTree = "<group>"; };
		3FEF3A2517122D7600FC810D /* TallPageViewController.h */ = {isa = PBXFileReference; fileEncoding = 4; lastKnownFileType = sourcecode.c.h; path = TallPageViewController.h; sourceTree = "<group>"; };
		3FEF3A2617122D7600FC810D /* TallPageViewController.m */ = {isa = PBXFileReference; fileEncoding = 4; lastKnownFileType = sourcecode.c.objc; path = TallPageViewController.m; sourceTree = "<group>"; };
		3FEF3A2717122D7600FC810D /* TallPageViewController.xib */ = {isa = PBXFileReference; fileEncoding = 4; lastKnownFileType = file.xib; path = TallPageViewController.xib; sourceTree = "<group>"; };
		3FF983BD171CEEB500833FDC /* firstSteps.png */ = {isa = PBXFileReference; lastKnownFileType = image.png; path = firstSteps.png; sourceTree = "<group>"; };
		3FF983BE171CEEB500833FDC /* firstSteps@2x.png */ = {isa = PBXFileReference; lastKnownFileType = image.png; path = "firstSteps@2x.png"; sourceTree = "<group>"; };
		3FF983C1171CF58600833FDC /* reentry.png */ = {isa = PBXFileReference; lastKnownFileType = image.png; path = reentry.png; sourceTree = "<group>"; };
		3FF983C3171CF59800833FDC /* reentry@2x.png */ = {isa = PBXFileReference; lastKnownFileType = image.png; path = "reentry@2x.png"; sourceTree = "<group>"; };
		3FF983C5171CF9C300833FDC /* earthWithNixon.png */ = {isa = PBXFileReference; lastKnownFileType = image.png; path = earthWithNixon.png; sourceTree = "<group>"; };
		3FF983C6171CF9C300833FDC /* earthWithNixon@2x.png */ = {isa = PBXFileReference; lastKnownFileType = image.png; path = "earthWithNixon@2x.png"; sourceTree = "<group>"; };
/* End PBXFileReference section */

/* Begin PBXFrameworksBuildPhase section */
		3FA70C5E170E8B010065F561 /* Frameworks */ = {
			isa = PBXFrameworksBuildPhase;
			buildActionMask = 2147483647;
			files = (
				3FA70C65170E8B010065F561 /* UIKit.framework in Frameworks */,
				3FA70C67170E8B010065F561 /* Foundation.framework in Frameworks */,
				3FA70C69170E8B010065F561 /* CoreGraphics.framework in Frameworks */,
			);
			runOnlyForDeploymentPostprocessing = 0;
		};
/* End PBXFrameworksBuildPhase section */

/* Begin PBXGroup section */
		3F8462AA170F715D00CD6BF2 /* Model */ = {
			isa = PBXGroup;
			children = (
				3F8462BA170F9B3400CD6BF2 /* PageModel.h */,
				3F8462BB170F9B3400CD6BF2 /* PageModel.m */,
			);
			name = Model;
			sourceTree = "<group>";
		};
		3F8462AB170F716B00CD6BF2 /* View */ = {
			isa = PBXGroup;
			children = (
			);
			name = View;
			sourceTree = "<group>";
		};
		3F8462AC170F717000CD6BF2 /* Controller */ = {
			isa = PBXGroup;
			children = (
				3F8462B7170F7D8A00CD6BF2 /* StoryViewController.h */,
				3F8462B8170F7D8A00CD6BF2 /* StoryViewController.m */,
				3FA567931711F00F004A75D3 /* PageViewController.h */,
				3FA567941711F00F004A75D3 /* PageViewController.m */,
				3F8462B2170F73BD00CD6BF2 /* HeroPageViewController.h */,
				3F8462B3170F73BD00CD6BF2 /* HeroPageViewController.m */,
				3F8462B4170F73BD00CD6BF2 /* HeroPageViewController.xib */,
				3FA5678E1711EC76004A75D3 /* CoverPageViewController.h */,
				3FA5678F1711EC77004A75D3 /* CoverPageViewController.m */,
				3FA567901711EC77004A75D3 /* CoverPageViewController.xib */,
				3FEF3A2517122D7600FC810D /* TallPageViewController.h */,
				3FEF3A2617122D7600FC810D /* TallPageViewController.m */,
				3FEF3A2717122D7600FC810D /* TallPageViewController.xib */,
				3F4E6F501713B841009CE570 /* MassivePageViewController.h */,
				3F4E6F511713B841009CE570 /* MassivePageViewController.m */,
				3F4E6F521713B841009CE570 /* MassivePageViewController.xib */,
			);
			name = Controller;
			sourceTree = "<group>";
		};
		3FA70C58170E8B010065F561 = {
			isa = PBXGroup;
			children = (
				3F8462C3170FB88200CD6BF2 /* storyContents.xml */,
				3F79D834170EA73A00118D99 /* Icon@2x.png */,
				3F79D832170EA73300118D99 /* Icon.png */,
				3FA70C6A170E8B010065F561 /* ToTheMoon */,
				3FA70C63170E8B010065F561 /* Frameworks */,
				3FA70C62170E8B010065F561 /* Products */,
			);
			sourceTree = "<group>";
		};
		3FA70C62170E8B010065F561 /* Products */ = {
			isa = PBXGroup;
			children = (
				3FA70C61170E8B010065F561 /* ToTheMoon.app */,
			);
			name = Products;
			sourceTree = "<group>";
		};
		3FA70C63170E8B010065F561 /* Frameworks */ = {
			isa = PBXGroup;
			children = (
				3FA70C64170E8B010065F561 /* UIKit.framework */,
				3FA70C66170E8B010065F561 /* Foundation.framework */,
				3FA70C68170E8B010065F561 /* CoreGraphics.framework */,
			);
			name = Frameworks;
			sourceTree = "<group>";
		};
		3FA70C6A170E8B010065F561 /* ToTheMoon */ = {
			isa = PBXGroup;
			children = (
				3F8462AC170F717000CD6BF2 /* Controller */,
				3F8462AB170F716B00CD6BF2 /* View */,
				3F8462AA170F715D00CD6BF2 /* Model */,
				3FA70C73170E8B010065F561 /* AppDelegate.h */,
				3FA70C74170E8B010065F561 /* AppDelegate.m */,
				3F8462C0170FA5FE00CD6BF2 /* StoryParser.h */,
				3F8462C1170FA5FE00CD6BF2 /* StoryParser.m */,
				3FA70C85170E8B010065F561 /* MainStoryboard.storyboard */,
				3FA70C6B170E8B010065F561 /* Supporting Files */,
			);
			path = ToTheMoon;
			sourceTree = "<group>";
		};
		3FA70C6B170E8B010065F561 /* Supporting Files */ = {
			isa = PBXGroup;
			children = (
				3FF983C5171CF9C300833FDC /* earthWithNixon.png */,
				3FF983C6171CF9C300833FDC /* earthWithNixon@2x.png */,
				3FF983C3171CF59800833FDC /* reentry@2x.png */,
				3FF983C1171CF58600833FDC /* reentry.png */,
				3FF983BD171CEEB500833FDC /* firstSteps.png */,
				3FF983BE171CEEB500833FDC /* firstSteps@2x.png */,
				3FC9465917153557002060FE /* animatedTravel.png */,
				3FC9465A17153557002060FE /* animatedTravel@2x.png */,
				3F4E6F551713C58F009CE570 /* distance_massive.png */,
				3F4E6F561713C58F009CE570 /* distance_massive@2x.png */,
				3F4E6F4C1713AABA009CE570 /* spacecraft.png */,
				3F4E6F4D1713AABA009CE570 /* spacecraft@2x.png */,
				3F8D9907171359B0008B4D6F /* foggy_birds.png */,
				3F8D9908171359B0008B4D6F /* foggy_birds@2X.png */,
				3F8D990317127E63008B4D6F /* liftoff.png */,
				3F8D990417127E63008B4D6F /* liftoff@2x.png */,
				3FEF3A2117121A7500FC810D /* astronauts_hero.png */,
				3FEF3A2217121A7500FC810D /* astronauts_hero@2x.png */,
				3FA5677F1711E88F004A75D3 /* starring.png */,
				3FA567801711E88F004A75D3 /* starring@2X.png */,
				3FA5677D1711E7E0004A75D3 /* retina_wood@2X.png */,
				3FA5677A1711D1A5004A75D3 /* retina_wood.png */,
				3FA567751711CE4A004A75D3 /* page1_hero.png */,
				3FA567761711CE4A004A75D3 /* page1_hero@2x.png */,
				3F79D840170EB4BD00118D99 /* Default-Portrait.png */,
				3F79D841170EB4BD00118D99 /* Default-Portrait@2x.png */,
				3F79D83E170EB2D900118D99 /* Default-Landscape@2x.png */,
				3F79D83A170EB14900118D99 /* Default-Landscape.png */,
				3FA70C6C170E8B010065F561 /* ToTheMoon-Info.plist */,
				3FA70C6D170E8B010065F561 /* InfoPlist.strings */,
				3FA70C70170E8B010065F561 /* main.m */,
				3FA70C72170E8B010065F561 /* ToTheMoon-Prefix.pch */,
			);
			name = "Supporting Files";
			sourceTree = "<group>";
		};
/* End PBXGroup section */

/* Begin PBXNativeTarget section */
		3FA70C60170E8B010065F561 /* ToTheMoon */ = {
			isa = PBXNativeTarget;
			buildConfigurationList = 3FA70C8A170E8B010065F561 /* Build configuration list for PBXNativeTarget "ToTheMoon" */;
			buildPhases = (
				3FA70C5D170E8B010065F561 /* Sources */,
				3FA70C5E170E8B010065F561 /* Frameworks */,
				3FA70C5F170E8B010065F561 /* Resources */,
			);
			buildRules = (
			);
			dependencies = (
			);
			name = ToTheMoon;
			productName = ToTheMoon;
			productReference = 3FA70C61170E8B010065F561 /* ToTheMoon.app */;
			productType = "com.apple.product-type.application";
		};
/* End PBXNativeTarget section */

/* Begin PBXProject section */
		3FA70C59170E8B010065F561 /* Project object */ = {
			isa = PBXProject;
			attributes = {
				LastUpgradeCheck = 0460;
				ORGANIZATIONNAME = "Joseph Malandruccolo";
			};
			buildConfigurationList = 3FA70C5C170E8B010065F561 /* Build configuration list for PBXProject "ToTheMoon" */;
			compatibilityVersion = "Xcode 3.2";
			developmentRegion = English;
			hasScannedForEncodings = 0;
			knownRegions = (
				en,
			);
			mainGroup = 3FA70C58170E8B010065F561;
			productRefGroup = 3FA70C62170E8B010065F561 /* Products */;
			projectDirPath = "";
			projectRoot = "";
			targets = (
				3FA70C60170E8B010065F561 /* ToTheMoon */,
			);
		};
/* End PBXProject section */

/* Begin PBXResourcesBuildPhase section */
		3FA70C5F170E8B010065F561 /* Resources */ = {
			isa = PBXResourcesBuildPhase;
			buildActionMask = 2147483647;
			files = (
				3F8462C4170FB88200CD6BF2 /* storyContents.xml in Resources */,
				3FA70C6F170E8B010065F561 /* InfoPlist.strings in Resources */,
				3FA70C87170E8B010065F561 /* MainStoryboard.storyboard in Resources */,
				3F79D833170EA73300118D99 /* Icon.png in Resources */,
				3F79D835170EA73B00118D99 /* Icon@2x.png in Resources */,
				3F79D83C170EB14900118D99 /* Default-Landscape.png in Resources */,
				3F79D83F170EB2D900118D99 /* Default-Landscape@2x.png in Resources */,
				3F79D842170EB4BD00118D99 /* Default-Portrait.png in Resources */,
				3F79D843170EB4BD00118D99 /* Default-Portrait@2x.png in Resources */,
				3F8462B6170F73BD00CD6BF2 /* HeroPageViewController.xib in Resources */,
				3FA567771711CE4A004A75D3 /* page1_hero.png in Resources */,
				3FA567781711CE4A004A75D3 /* page1_hero@2x.png in Resources */,
				3FA5677C1711D1A5004A75D3 /* retina_wood.png in Resources */,
				3FA5677E1711E7E0004A75D3 /* retina_wood@2X.png in Resources */,
				3FA567811711E88F004A75D3 /* starring.png in Resources */,
				3FA567821711E88F004A75D3 /* starring@2X.png in Resources */,
				3FA567921711EC77004A75D3 /* CoverPageViewController.xib in Resources */,
				3FEF3A2317121A7500FC810D /* astronauts_hero.png in Resources */,
				3FEF3A2417121A7500FC810D /* astronauts_hero@2x.png in Resources */,
				3FEF3A2917122D7600FC810D /* TallPageViewController.xib in Resources */,
				3F8D990517127E63008B4D6F /* liftoff.png in Resources */,
				3F8D990617127E63008B4D6F /* liftoff@2x.png in Resources */,
				3F8D9909171359B0008B4D6F /* foggy_birds.png in Resources */,
				3F8D990A171359B0008B4D6F /* foggy_birds@2X.png in Resources */,
				3F4E6F4E1713AABA009CE570 /* spacecraft.png in Resources */,
				3F4E6F4F1713AABA009CE570 /* spacecraft@2x.png in Resources */,
				3F4E6F541713B841009CE570 /* MassivePageViewController.xib in Resources */,
				3F4E6F571713C58F009CE570 /* distance_massive.png in Resources */,
				3F4E6F581713C58F009CE570 /* distance_massive@2x.png in Resources */,
				3FC9465B17153557002060FE /* animatedTravel.png in Resources */,
				3FC9465C17153557002060FE /* animatedTravel@2x.png in Resources */,
				3FF983BF171CEEB500833FDC /* firstSteps.png in Resources */,
				3FF983C0171CEEB500833FDC /* firstSteps@2x.png in Resources */,
				3FF983C2171CF58600833FDC /* reentry.png in Resources */,
				3FF983C4171CF59800833FDC /* reentry@2x.png in Resources */,
				3FF983C7171CF9C300833FDC /* earthWithNixon.png in Resources */,
				3FF983C8171CF9C300833FDC /* earthWithNixon@2x.png in Resources */,
			);
			runOnlyForDeploymentPostprocessing = 0;
		};
/* End PBXResourcesBuildPhase section */

/* Begin PBXSourcesBuildPhase section */
		3FA70C5D170E8B010065F561 /* Sources */ = {
			isa = PBXSourcesBuildPhase;
			buildActionMask = 2147483647;
			files = (
				3FA70C71170E8B010065F561 /* main.m in Sources */,
				3FA70C75170E8B010065F561 /* AppDelegate.m in Sources */,
				3F8462B5170F73BD00CD6BF2 /* HeroPageViewController.m in Sources */,
				3F8462B9170F7D8A00CD6BF2 /* StoryViewController.m in Sources */,
				3F8462BC170F9B3400CD6BF2 /* PageModel.m in Sources */,
				3F8462C2170FA5FE00CD6BF2 /* StoryParser.m in Sources */,
				3FA567911711EC77004A75D3 /* CoverPageViewController.m in Sources */,
				3FA567951711F00F004A75D3 /* PageViewController.m in Sources */,
				3FEF3A2817122D7600FC810D /* TallPageViewController.m in Sources */,
				3F4E6F531713B841009CE570 /* MassivePageViewController.m in Sources */,
			);
			runOnlyForDeploymentPostprocessing = 0;
		};
/* End PBXSourcesBuildPhase section */

/* Begin PBXVariantGroup section */
		3FA70C6D170E8B010065F561 /* InfoPlist.strings */ = {
			isa = PBXVariantGroup;
			children = (
				3FA70C6E170E8B010065F561 /* en */,
			);
			name = InfoPlist.strings;
			sourceTree = "<group>";
		};
		3FA70C85170E8B010065F561 /* MainStoryboard.storyboard */ = {
			isa = PBXVariantGroup;
			children = (
				3FA70C86170E8B010065F561 /* en */,
			);
			name = MainStoryboard.storyboard;
			sourceTree = "<group>";
		};
/* End PBXVariantGroup section */

/* Begin XCBuildConfiguration section */
		3FA70C88170E8B010065F561 /* Debug */ = {
			isa = XCBuildConfiguration;
			buildSettings = {
				ALWAYS_SEARCH_USER_PATHS = NO;
				CLANG_CXX_LANGUAGE_STANDARD = "gnu++0x";
				CLANG_CXX_LIBRARY = "libc++";
				CLANG_ENABLE_OBJC_ARC = YES;
				CLANG_WARN_CONSTANT_CONVERSION = YES;
				CLANG_WARN_EMPTY_BODY = YES;
				CLANG_WARN_ENUM_CONVERSION = YES;
				CLANG_WARN_INT_CONVERSION = YES;
				CLANG_WARN__DUPLICATE_METHOD_MATCH = YES;
				"CODE_SIGN_IDENTITY[sdk=iphoneos*]" = "iPhone Developer";
				COPY_PHASE_STRIP = NO;
				GCC_C_LANGUAGE_STANDARD = gnu99;
				GCC_DYNAMIC_NO_PIC = NO;
				GCC_OPTIMIZATION_LEVEL = 0;
				GCC_PREPROCESSOR_DEFINITIONS = (
					"DEBUG=1",
					"$(inherited)",
				);
				GCC_SYMBOLS_PRIVATE_EXTERN = NO;
				GCC_WARN_ABOUT_RETURN_TYPE = YES;
				GCC_WARN_UNINITIALIZED_AUTOS = YES;
				GCC_WARN_UNUSED_VARIABLE = YES;
				IPHONEOS_DEPLOYMENT_TARGET = 6.1;
				ONLY_ACTIVE_ARCH = YES;
				SDKROOT = iphoneos;
				TARGETED_DEVICE_FAMILY = 2;
			};
			name = Debug;
		};
		3FA70C89170E8B010065F561 /* Release */ = {
			isa = XCBuildConfiguration;
			buildSettings = {
				ALWAYS_SEARCH_USER_PATHS = NO;
				CLANG_CXX_LANGUAGE_STANDARD = "gnu++0x";
				CLANG_CXX_LIBRARY = "libc++";
				CLANG_ENABLE_OBJC_ARC = YES;
				CLANG_WARN_CONSTANT_CONVERSION = YES;
				CLANG_WARN_EMPTY_BODY = YES;
				CLANG_WARN_ENUM_CONVERSION = YES;
				CLANG_WARN_INT_CONVERSION = YES;
				CLANG_WARN__DUPLICATE_METHOD_MATCH = YES;
				"CODE_SIGN_IDENTITY[sdk=iphoneos*]" = "iPhone Developer";
				COPY_PHASE_STRIP = YES;
				GCC_C_LANGUAGE_STANDARD = gnu99;
				GCC_WARN_ABOUT_RETURN_TYPE = YES;
				GCC_WARN_UNINITIALIZED_AUTOS = YES;
				GCC_WARN_UNUSED_VARIABLE = YES;
				IPHONEOS_DEPLOYMENT_TARGET = 6.1;
				OTHER_CFLAGS = "-DNS_BLOCK_ASSERTIONS=1";
				SDKROOT = iphoneos;
				TARGETED_DEVICE_FAMILY = 2;
				VALIDATE_PRODUCT = YES;
			};
			name = Release;
		};
		3FA70C8B170E8B010065F561 /* Debug */ = {
			isa = XCBuildConfiguration;
			buildSettings = {
				GCC_PRECOMPILE_PREFIX_HEADER = YES;
				GCC_PREFIX_HEADER = "ToTheMoon/ToTheMoon-Prefix.pch";
				INFOPLIST_FILE = "ToTheMoon/ToTheMoon-Info.plist";
				PRODUCT_NAME = "$(TARGET_NAME)";
				WRAPPER_EXTENSION = app;
			};
			name = Debug;
		};
		3FA70C8C170E8B010065F561 /* Release */ = {
			isa = XCBuildConfiguration;
			buildSettings = {
				GCC_PRECOMPILE_PREFIX_HEADER = YES;
				GCC_PREFIX_HEADER = "ToTheMoon/ToTheMoon-Prefix.pch";
				INFOPLIST_FILE = "ToTheMoon/ToTheMoon-Info.plist";
				PRODUCT_NAME = "$(TARGET_NAME)";
				WRAPPER_EXTENSION = app;
			};
			name = Release;
		};
/* End XCBuildConfiguration section */

/* Begin XCConfigurationList section */
		3FA70C5C170E8B010065F561 /* Build configuration list for PBXProject "ToTheMoon" */ = {
			isa = XCConfigurationList;
			buildConfigurations = (
				3FA70C88170E8B010065F561 /* Debug */,
				3FA70C89170E8B010065F561 /* Release */,
			);
			defaultConfigurationIsVisible = 0;
			defaultConfigurationName = Release;
		};
		3FA70C8A170E8B010065F561 /* Build configuration list for PBXNativeTarget "ToTheMoon" */ = {
			isa = XCConfigurationList;
			buildConfigurations = (
				3FA70C8B170E8B010065F561 /* Debug */,
				3FA70C8C170E8B010065F561 /* Release */,
			);
			defaultConfigurationIsVisible = 0;
			defaultConfigurationName = Release;
		};
/* End XCConfigurationList section */
	};
	rootObject = 3FA70C59170E8B010065F561 /* Project object */;
}
